// !$*UTF8*$!
{
	archiveVersion = 1;
	classes = {
	};
	objectVersion = 51;
	objects = {

/* Begin PBXBuildFile section */
		251A7A912DCC315AAF442410 /* Pods_BookApp.framework in Frameworks */ = {isa = PBXBuildFile; fileRef = F7229271B93FE6BA2FEF8876 /* Pods_BookApp.framework */; };
		751A5666243A6199006106E9 /* GoogleAPIBook.swift in Sources */ = {isa = PBXBuildFile; fileRef = 751A5665243A6199006106E9 /* GoogleAPIBook.swift */; };
		751A56A1243A6364006106E9 /* State.swift in Sources */ = {isa = PBXBuildFile; fileRef = 751A568C243A6364006106E9 /* State.swift */; };
		751A56A2243A6364006106E9 /* TorchMode.swift in Sources */ = {isa = PBXBuildFile; fileRef = 751A568D243A6364006106E9 /* TorchMode.swift */; };
		751A56A3243A6364006106E9 /* FocusViewType.swift in Sources */ = {isa = PBXBuildFile; fileRef = 751A568E243A6364006106E9 /* FocusViewType.swift */; };
		751A56A4243A6364006106E9 /* UIViewController+Extensions.swift in Sources */ = {isa = PBXBuildFile; fileRef = 751A5690243A6364006106E9 /* UIViewController+Extensions.swift */; };
		751A56A5243A6364006106E9 /* UIView+Extensions.swift in Sources */ = {isa = PBXBuildFile; fileRef = 751A5691243A6364006106E9 /* UIView+Extensions.swift */; };
		751A56A6243A6364006106E9 /* NSLayoutConstraint+Extensions.swift in Sources */ = {isa = PBXBuildFile; fileRef = 751A5692243A6364006106E9 /* NSLayoutConstraint+Extensions.swift */; };
		751A56A7243A6364006106E9 /* AVMetadataObject+Extensions.swift in Sources */ = {isa = PBXBuildFile; fileRef = 751A5693243A6364006106E9 /* AVMetadataObject+Extensions.swift */; };
		751A56A8243A6364006106E9 /* CameraViewController.swift in Sources */ = {isa = PBXBuildFile; fileRef = 751A5695243A6364006106E9 /* CameraViewController.swift */; };
		751A56A9243A6364006106E9 /* MessageViewController.swift in Sources */ = {isa = PBXBuildFile; fileRef = 751A5696243A6364006106E9 /* MessageViewController.swift */; };
		751A56AA243A6364006106E9 /* HeaderViewController.swift in Sources */ = {isa = PBXBuildFile; fileRef = 751A5697243A6364006106E9 /* HeaderViewController.swift */; };
		751A56AB243A6364006106E9 /* BarcodeScannerViewController.swift in Sources */ = {isa = PBXBuildFile; fileRef = 751A5698243A6364006106E9 /* BarcodeScannerViewController.swift */; };
		751A56AC243A6364006106E9 /* VideoPermissionService.swift in Sources */ = {isa = PBXBuildFile; fileRef = 751A569A243A6364006106E9 /* VideoPermissionService.swift */; };
		751A56AD243A6364006106E9 /* Functions.swift in Sources */ = {isa = PBXBuildFile; fileRef = 751A569B243A6364006106E9 /* Functions.swift */; };
		751A56AE243A6364006106E9 /* info@3x.png in Resources */ = {isa = PBXBuildFile; fileRef = 751A569D243A6364006106E9 /* info@3x.png */; };
		751A56AF243A6364006106E9 /* flashOn@3x.png in Resources */ = {isa = PBXBuildFile; fileRef = 751A569E243A6364006106E9 /* flashOn@3x.png */; };
		751A56B0243A6364006106E9 /* cameraRotate@3x.png in Resources */ = {isa = PBXBuildFile; fileRef = 751A569F243A6364006106E9 /* cameraRotate@3x.png */; };
		751A56B1243A6364006106E9 /* flashOff@3x.png in Resources */ = {isa = PBXBuildFile; fileRef = 751A56A0243A6364006106E9 /* flashOff@3x.png */; };
		751A56C3243A64B4006106E9 /* Localizable.strings in Resources */ = {isa = PBXBuildFile; fileRef = 751A56BC243A64B4006106E9 /* Localizable.strings */; };
		751A56C5243A8683006106E9 /* GoodreadsAPIBook.swift in Sources */ = {isa = PBXBuildFile; fileRef = 751A56C4243A8683006106E9 /* GoodreadsAPIBook.swift */; };
		751A56C7243A86CB006106E9 /* OpenLibraryAPIBook.swift in Sources */ = {isa = PBXBuildFile; fileRef = 751A56C6243A86CB006106E9 /* OpenLibraryAPIBook.swift */; };
		751A56C9243A8BC8006106E9 /* BookAPIPageViewController.swift in Sources */ = {isa = PBXBuildFile; fileRef = 751A56C8243A8BC8006106E9 /* BookAPIPageViewController.swift */; };
		751A56CD243A91CE006106E9 /* GoogleBookAPIViewController.swift in Sources */ = {isa = PBXBuildFile; fileRef = 751A56CC243A91CE006106E9 /* GoogleBookAPIViewController.swift */; };
		751A56CF243A91D8006106E9 /* GoodreadsAPIViewController.swift in Sources */ = {isa = PBXBuildFile; fileRef = 751A56CE243A91D8006106E9 /* GoodreadsAPIViewController.swift */; };
		751A56D1243A91E5006106E9 /* OpenLibraryAPIViewController.swift in Sources */ = {isa = PBXBuildFile; fileRef = 751A56D0243A91E5006106E9 /* OpenLibraryAPIViewController.swift */; };
		751A56D3243AA4F9006106E9 /* ManualSelectViewController.swift in Sources */ = {isa = PBXBuildFile; fileRef = 751A56D2243AA4F9006106E9 /* ManualSelectViewController.swift */; };
		75D73937243957260018A89E /* AppDelegate.swift in Sources */ = {isa = PBXBuildFile; fileRef = 75D73936243957260018A89E /* AppDelegate.swift */; };
		75D73939243957260018A89E /* SceneDelegate.swift in Sources */ = {isa = PBXBuildFile; fileRef = 75D73938243957260018A89E /* SceneDelegate.swift */; };
		75D7393B243957260018A89E /* ViewController.swift in Sources */ = {isa = PBXBuildFile; fileRef = 75D7393A243957260018A89E /* ViewController.swift */; };
		75D7393E243957260018A89E /* Main.storyboard in Resources */ = {isa = PBXBuildFile; fileRef = 75D7393C243957260018A89E /* Main.storyboard */; };
		75D739402439572A0018A89E /* Assets.xcassets in Resources */ = {isa = PBXBuildFile; fileRef = 75D7393F2439572A0018A89E /* Assets.xcassets */; };
		75D739432439572A0018A89E /* LaunchScreen.storyboard in Resources */ = {isa = PBXBuildFile; fileRef = 75D739412439572A0018A89E /* LaunchScreen.storyboard */; };
/* End PBXBuildFile section */

/* Begin PBXFileReference section */
		50D24CAD510E005017221569 /* Pods-BookApp.release.xcconfig */ = {isa = PBXFileReference; includeInIndex = 1; lastKnownFileType = text.xcconfig; name = "Pods-BookApp.release.xcconfig"; path = "Target Support Files/Pods-BookApp/Pods-BookApp.release.xcconfig"; sourceTree = "<group>"; };
		751A5665243A6199006106E9 /* GoogleAPIBook.swift */ = {isa = PBXFileReference; lastKnownFileType = sourcecode.swift; name = GoogleAPIBook.swift; path = "/Users/ashish/Desktop/Personal Projects/BookApp/BookApp/GoogleAPIBook.swift"; sourceTree = "<absolute>"; };
		751A568C243A6364006106E9 /* State.swift */ = {isa = PBXFileReference; fileEncoding = 4; lastKnownFileType = sourcecode.swift; path = State.swift; sourceTree = "<group>"; };
		751A568D243A6364006106E9 /* TorchMode.swift */ = {isa = PBXFileReference; fileEncoding = 4; lastKnownFileType = sourcecode.swift; path = TorchMode.swift; sourceTree = "<group>"; };
		751A568E243A6364006106E9 /* FocusViewType.swift */ = {isa = PBXFileReference; fileEncoding = 4; lastKnownFileType = sourcecode.swift; path = FocusViewType.swift; sourceTree = "<group>"; };
		751A5690243A6364006106E9 /* UIViewController+Extensions.swift */ = {isa = PBXFileReference; fileEncoding = 4; lastKnownFileType = sourcecode.swift; path = "UIViewController+Extensions.swift"; sourceTree = "<group>"; };
		751A5691243A6364006106E9 /* UIView+Extensions.swift */ = {isa = PBXFileReference; fileEncoding = 4; lastKnownFileType = sourcecode.swift; path = "UIView+Extensions.swift"; sourceTree = "<group>"; };
		751A5692243A6364006106E9 /* NSLayoutConstraint+Extensions.swift */ = {isa = PBXFileReference; fileEncoding = 4; lastKnownFileType = sourcecode.swift; path = "NSLayoutConstraint+Extensions.swift"; sourceTree = "<group>"; };
		751A5693243A6364006106E9 /* AVMetadataObject+Extensions.swift */ = {isa = PBXFileReference; fileEncoding = 4; lastKnownFileType = sourcecode.swift; path = "AVMetadataObject+Extensions.swift"; sourceTree = "<group>"; };
		751A5695243A6364006106E9 /* CameraViewController.swift */ = {isa = PBXFileReference; fileEncoding = 4; lastKnownFileType = sourcecode.swift; path = CameraViewController.swift; sourceTree = "<group>"; };
		751A5696243A6364006106E9 /* MessageViewController.swift */ = {isa = PBXFileReference; fileEncoding = 4; lastKnownFileType = sourcecode.swift; path = MessageViewController.swift; sourceTree = "<group>"; };
		751A5697243A6364006106E9 /* HeaderViewController.swift */ = {isa = PBXFileReference; fileEncoding = 4; lastKnownFileType = sourcecode.swift; path = HeaderViewController.swift; sourceTree = "<group>"; };
		751A5698243A6364006106E9 /* BarcodeScannerViewController.swift */ = {isa = PBXFileReference; fileEncoding = 4; lastKnownFileType = sourcecode.swift; path = BarcodeScannerViewController.swift; sourceTree = "<group>"; };
		751A569A243A6364006106E9 /* VideoPermissionService.swift */ = {isa = PBXFileReference; fileEncoding = 4; lastKnownFileType = sourcecode.swift; path = VideoPermissionService.swift; sourceTree = "<group>"; };
		751A569B243A6364006106E9 /* Functions.swift */ = {isa = PBXFileReference; fileEncoding = 4; lastKnownFileType = sourcecode.swift; path = Functions.swift; sourceTree = "<group>"; };
		751A569D243A6364006106E9 /* info@3x.png */ = {isa = PBXFileReference; lastKnownFileType = image.png; path = "info@3x.png"; sourceTree = "<group>"; };
		751A569E243A6364006106E9 /* flashOn@3x.png */ = {isa = PBXFileReference; lastKnownFileType = image.png; path = "flashOn@3x.png"; sourceTree = "<group>"; };
		751A569F243A6364006106E9 /* cameraRotate@3x.png */ = {isa = PBXFileReference; lastKnownFileType = image.png; path = "cameraRotate@3x.png"; sourceTree = "<group>"; };
		751A56A0243A6364006106E9 /* flashOff@3x.png */ = {isa = PBXFileReference; lastKnownFileType = image.png; path = "flashOff@3x.png"; sourceTree = "<group>"; };
		751A56BD243A64B4006106E9 /* de */ = {isa = PBXFileReference; lastKnownFileType = text.plist.strings; name = de; path = de.lproj/Localizable.strings; sourceTree = "<group>"; };
		751A56BE243A64B4006106E9 /* ja */ = {isa = PBXFileReference; lastKnownFileType = text.plist.strings; name = ja; path = ja.lproj/Localizable.strings; sourceTree = "<group>"; };
		751A56BF243A64B4006106E9 /* en */ = {isa = PBXFileReference; lastKnownFileType = text.plist.strings; name = en; path = en.lproj/Localizable.strings; sourceTree = "<group>"; };
		751A56C0243A64B4006106E9 /* tr */ = {isa = PBXFileReference; lastKnownFileType = text.plist.strings; name = tr; path = tr.lproj/Localizable.strings; sourceTree = "<group>"; };
		751A56C1243A64B4006106E9 /* fr */ = {isa = PBXFileReference; lastKnownFileType = text.plist.strings; name = fr; path = fr.lproj/Localizable.strings; sourceTree = "<group>"; };
		751A56C2243A64B4006106E9 /* pl-PL */ = {isa = PBXFileReference; lastKnownFileType = text.plist.strings; name = "pl-PL"; path = "pl-PL.lproj/Localizable.strings"; sourceTree = "<group>"; };
		751A56C4243A8683006106E9 /* GoodreadsAPIBook.swift */ = {isa = PBXFileReference; lastKnownFileType = sourcecode.swift; path = GoodreadsAPIBook.swift; sourceTree = "<group>"; };
		751A56C6243A86CB006106E9 /* OpenLibraryAPIBook.swift */ = {isa = PBXFileReference; lastKnownFileType = sourcecode.swift; path = OpenLibraryAPIBook.swift; sourceTree = "<group>"; };
		751A56C8243A8BC8006106E9 /* BookAPIPageViewController.swift */ = {isa = PBXFileReference; lastKnownFileType = sourcecode.swift; path = BookAPIPageViewController.swift; sourceTree = "<group>"; };
		751A56CC243A91CE006106E9 /* GoogleBookAPIViewController.swift */ = {isa = PBXFileReference; lastKnownFileType = sourcecode.swift; path = GoogleBookAPIViewController.swift; sourceTree = "<group>"; };
		751A56CE243A91D8006106E9 /* GoodreadsAPIViewController.swift */ = {isa = PBXFileReference; lastKnownFileType = sourcecode.swift; path = GoodreadsAPIViewController.swift; sourceTree = "<group>"; };
		751A56D0243A91E5006106E9 /* OpenLibraryAPIViewController.swift */ = {isa = PBXFileReference; lastKnownFileType = sourcecode.swift; path = OpenLibraryAPIViewController.swift; sourceTree = "<group>"; };
		751A56D2243AA4F9006106E9 /* ManualSelectViewController.swift */ = {isa = PBXFileReference; lastKnownFileType = sourcecode.swift; path = ManualSelectViewController.swift; sourceTree = "<group>"; };
		75D73933243957260018A89E /* BookApp.app */ = {isa = PBXFileReference; explicitFileType = wrapper.application; includeInIndex = 0; path = BookApp.app; sourceTree = BUILT_PRODUCTS_DIR; };
		75D73936243957260018A89E /* AppDelegate.swift */ = {isa = PBXFileReference; lastKnownFileType = sourcecode.swift; path = AppDelegate.swift; sourceTree = "<group>"; };
		75D73938243957260018A89E /* SceneDelegate.swift */ = {isa = PBXFileReference; lastKnownFileType = sourcecode.swift; path = SceneDelegate.swift; sourceTree = "<group>"; };
		75D7393A243957260018A89E /* ViewController.swift */ = {isa = PBXFileReference; lastKnownFileType = sourcecode.swift; path = ViewController.swift; sourceTree = "<group>"; };
		75D7393D243957260018A89E /* Base */ = {isa = PBXFileReference; lastKnownFileType = file.storyboard; name = Base; path = Base.lproj/Main.storyboard; sourceTree = "<group>"; };
		75D7393F2439572A0018A89E /* Assets.xcassets */ = {isa = PBXFileReference; lastKnownFileType = folder.assetcatalog; path = Assets.xcassets; sourceTree = "<group>"; };
		75D739422439572A0018A89E /* Base */ = {isa = PBXFileReference; lastKnownFileType = file.storyboard; name = Base; path = Base.lproj/LaunchScreen.storyboard; sourceTree = "<group>"; };
		75D739442439572A0018A89E /* Info.plist */ = {isa = PBXFileReference; lastKnownFileType = text.plist.xml; path = Info.plist; sourceTree = "<group>"; };
		BA0CE17A9D02ECC5C4CE5325 /* Pods-BookApp.debug.xcconfig */ = {isa = PBXFileReference; includeInIndex = 1; lastKnownFileType = text.xcconfig; name = "Pods-BookApp.debug.xcconfig"; path = "Target Support Files/Pods-BookApp/Pods-BookApp.debug.xcconfig"; sourceTree = "<group>"; };
		F7229271B93FE6BA2FEF8876 /* Pods_BookApp.framework */ = {isa = PBXFileReference; explicitFileType = wrapper.framework; includeInIndex = 0; path = Pods_BookApp.framework; sourceTree = BUILT_PRODUCTS_DIR; };
/* End PBXFileReference section */

/* Begin PBXFrameworksBuildPhase section */
		75D73930243957260018A89E /* Frameworks */ = {
			isa = PBXFrameworksBuildPhase;
			buildActionMask = 2147483647;
			files = (
				251A7A912DCC315AAF442410 /* Pods_BookApp.framework in Frameworks */,
			);
			runOnlyForDeploymentPostprocessing = 0;
		};
/* End PBXFrameworksBuildPhase section */

/* Begin PBXGroup section */
		490E0BFE8A77F5511E2A63D2 /* Frameworks */ = {
			isa = PBXGroup;
			children = (
				F7229271B93FE6BA2FEF8876 /* Pods_BookApp.framework */,
			);
			name = Frameworks;
			sourceTree = "<group>";
		};
		751A568A243A6364006106E9 /* Sources */ = {
			isa = PBXGroup;
			children = (
				751A568B243A6364006106E9 /* DataStructures */,
				751A568F243A6364006106E9 /* Extensions */,
				751A5694243A6364006106E9 /* Controllers */,
				751A5699243A6364006106E9 /* Helpers */,
			);
			path = Sources;
			sourceTree = "<group>";
		};
		751A568B243A6364006106E9 /* DataStructures */ = {
			isa = PBXGroup;
			children = (
				751A568C243A6364006106E9 /* State.swift */,
				751A568D243A6364006106E9 /* TorchMode.swift */,
				751A568E243A6364006106E9 /* FocusViewType.swift */,
			);
			path = DataStructures;
			sourceTree = "<group>";
		};
		751A568F243A6364006106E9 /* Extensions */ = {
			isa = PBXGroup;
			children = (
				751A5690243A6364006106E9 /* UIViewController+Extensions.swift */,
				751A5691243A6364006106E9 /* UIView+Extensions.swift */,
				751A5692243A6364006106E9 /* NSLayoutConstraint+Extensions.swift */,
				751A5693243A6364006106E9 /* AVMetadataObject+Extensions.swift */,
			);
			path = Extensions;
			sourceTree = "<group>";
		};
		751A5694243A6364006106E9 /* Controllers */ = {
			isa = PBXGroup;
			children = (
				751A5695243A6364006106E9 /* CameraViewController.swift */,
				751A5696243A6364006106E9 /* MessageViewController.swift */,
				751A5697243A6364006106E9 /* HeaderViewController.swift */,
				751A5698243A6364006106E9 /* BarcodeScannerViewController.swift */,
			);
			path = Controllers;
			sourceTree = "<group>";
		};
		751A5699243A6364006106E9 /* Helpers */ = {
			isa = PBXGroup;
			children = (
				751A569A243A6364006106E9 /* VideoPermissionService.swift */,
				751A569B243A6364006106E9 /* Functions.swift */,
			);
			path = Helpers;
			sourceTree = "<group>";
		};
		751A569C243A6364006106E9 /* Images */ = {
			isa = PBXGroup;
			children = (
				751A569D243A6364006106E9 /* info@3x.png */,
				751A569E243A6364006106E9 /* flashOn@3x.png */,
				751A569F243A6364006106E9 /* cameraRotate@3x.png */,
				751A56A0243A6364006106E9 /* flashOff@3x.png */,
			);
			path = Images;
			sourceTree = "<group>";
		};
		751A56BB243A64B4006106E9 /* Localization */ = {
			isa = PBXGroup;
			children = (
				751A56BC243A64B4006106E9 /* Localizable.strings */,
			);
			path = Localization;
			sourceTree = "<group>";
		};
		75D7392A243957260018A89E = {
			isa = PBXGroup;
			children = (
				75D73935243957260018A89E /* BookApp */,
				75D73934243957260018A89E /* Products */,
				A3F6C2A6CBC4F636816315EF /* Pods */,
				490E0BFE8A77F5511E2A63D2 /* Frameworks */,
			);
			sourceTree = "<group>";
		};
		75D73934243957260018A89E /* Products */ = {
			isa = PBXGroup;
			children = (
				75D73933243957260018A89E /* BookApp.app */,
			);
			name = Products;
			sourceTree = "<group>";
		};
		75D73935243957260018A89E /* BookApp */ = {
			isa = PBXGroup;
			children = (
				751A56BB243A64B4006106E9 /* Localization */,
				751A569C243A6364006106E9 /* Images */,
				751A568A243A6364006106E9 /* Sources */,
				751A5665243A6199006106E9 /* GoogleAPIBook.swift */,
				751A56C4243A8683006106E9 /* GoodreadsAPIBook.swift */,
				751A56C6243A86CB006106E9 /* OpenLibraryAPIBook.swift */,
				75D73936243957260018A89E /* AppDelegate.swift */,
				75D73938243957260018A89E /* SceneDelegate.swift */,
				75D7393A243957260018A89E /* ViewController.swift */,
				75D7393C243957260018A89E /* Main.storyboard */,
				751A56D2243AA4F9006106E9 /* ManualSelectViewController.swift */,
				751A56CC243A91CE006106E9 /* GoogleBookAPIViewController.swift */,
				751A56CE243A91D8006106E9 /* GoodreadsAPIViewController.swift */,
				751A56D0243A91E5006106E9 /* OpenLibraryAPIViewController.swift */,
				751A56C8243A8BC8006106E9 /* BookAPIPageViewController.swift */,
				75D7393F2439572A0018A89E /* Assets.xcassets */,
				75D739412439572A0018A89E /* LaunchScreen.storyboard */,
				75D739442439572A0018A89E /* Info.plist */,
			);
			path = BookApp;
			sourceTree = "<group>";
		};
		A3F6C2A6CBC4F636816315EF /* Pods */ = {
			isa = PBXGroup;
			children = (
				BA0CE17A9D02ECC5C4CE5325 /* Pods-BookApp.debug.xcconfig */,
				50D24CAD510E005017221569 /* Pods-BookApp.release.xcconfig */,
			);
			path = Pods;
			sourceTree = "<group>";
		};
/* End PBXGroup section */

/* Begin PBXNativeTarget section */
		75D73932243957260018A89E /* BookApp */ = {
			isa = PBXNativeTarget;
			buildConfigurationList = 75D739472439572A0018A89E /* Build configuration list for PBXNativeTarget "BookApp" */;
			buildPhases = (
				355D7333C425D6FD7F4DCD7F /* [CP] Check Pods Manifest.lock */,
				75D7392F243957260018A89E /* Sources */,
				75D73930243957260018A89E /* Frameworks */,
				75D73931243957260018A89E /* Resources */,
				E94549CB95EF93DC0E206163 /* [CP] Embed Pods Frameworks */,
			);
			buildRules = (
			);
			dependencies = (
			);
			name = BookApp;
			productName = BookApp;
			productReference = 75D73933243957260018A89E /* BookApp.app */;
			productType = "com.apple.product-type.application";
		};
/* End PBXNativeTarget section */

/* Begin PBXProject section */
		75D7392B243957260018A89E /* Project object */ = {
			isa = PBXProject;
			attributes = {
				LastSwiftUpdateCheck = 1120;
				LastUpgradeCheck = 1120;
				ORGANIZATIONNAME = "Ashish Keshan";
				TargetAttributes = {
					75D73932243957260018A89E = {
						CreatedOnToolsVersion = 11.2.1;
					};
				};
			};
			buildConfigurationList = 75D7392E243957260018A89E /* Build configuration list for PBXProject "BookApp" */;
			compatibilityVersion = "Xcode 9.3";
			developmentRegion = en;
			hasScannedForEncodings = 0;
			knownRegions = (
				en,
				Base,
				de,
				fr,
				"pl-PL",
				tr,
				ja,
			);
			mainGroup = 75D7392A243957260018A89E;
			productRefGroup = 75D73934243957260018A89E /* Products */;
			projectDirPath = "";
			projectRoot = "";
			targets = (
				75D73932243957260018A89E /* BookApp */,
			);
		};
/* End PBXProject section */

/* Begin PBXResourcesBuildPhase section */
		75D73931243957260018A89E /* Resources */ = {
			isa = PBXResourcesBuildPhase;
			buildActionMask = 2147483647;
			files = (
				75D739432439572A0018A89E /* LaunchScreen.storyboard in Resources */,
				751A56AE243A6364006106E9 /* info@3x.png in Resources */,
				751A56B1243A6364006106E9 /* flashOff@3x.png in Resources */,
				751A56AF243A6364006106E9 /* flashOn@3x.png in Resources */,
				75D739402439572A0018A89E /* Assets.xcassets in Resources */,
				751A56C3243A64B4006106E9 /* Localizable.strings in Resources */,
				75D7393E243957260018A89E /* Main.storyboard in Resources */,
				751A56B0243A6364006106E9 /* cameraRotate@3x.png in Resources */,
			);
			runOnlyForDeploymentPostprocessing = 0;
		};
/* End PBXResourcesBuildPhase section */

/* Begin PBXShellScriptBuildPhase section */
		355D7333C425D6FD7F4DCD7F /* [CP] Check Pods Manifest.lock */ = {
			isa = PBXShellScriptBuildPhase;
			buildActionMask = 2147483647;
			files = (
			);
			inputFileListPaths = (
			);
			inputPaths = (
				"${PODS_PODFILE_DIR_PATH}/Podfile.lock",
				"${PODS_ROOT}/Manifest.lock",
			);
			name = "[CP] Check Pods Manifest.lock";
			outputFileListPaths = (
			);
			outputPaths = (
				"$(DERIVED_FILE_DIR)/Pods-BookApp-checkManifestLockResult.txt",
			);
			runOnlyForDeploymentPostprocessing = 0;
			shellPath = /bin/sh;
			shellScript = "diff \"${PODS_PODFILE_DIR_PATH}/Podfile.lock\" \"${PODS_ROOT}/Manifest.lock\" > /dev/null\nif [ $? != 0 ] ; then\n    # print error to STDERR\n    echo \"error: The sandbox is not in sync with the Podfile.lock. Run 'pod install' or update your CocoaPods installation.\" >&2\n    exit 1\nfi\n# This output is used by Xcode 'outputs' to avoid re-running this script phase.\necho \"SUCCESS\" > \"${SCRIPT_OUTPUT_FILE_0}\"\n";
			showEnvVarsInLog = 0;
		};
		E94549CB95EF93DC0E206163 /* [CP] Embed Pods Frameworks */ = {
			isa = PBXShellScriptBuildPhase;
			buildActionMask = 2147483647;
			files = (
			);
			inputFileListPaths = (
				"${PODS_ROOT}/Target Support Files/Pods-BookApp/Pods-BookApp-frameworks-${CONFIGURATION}-input-files.xcfilelist",
			);
			name = "[CP] Embed Pods Frameworks";
			outputFileListPaths = (
				"${PODS_ROOT}/Target Support Files/Pods-BookApp/Pods-BookApp-frameworks-${CONFIGURATION}-output-files.xcfilelist",
			);
			runOnlyForDeploymentPostprocessing = 0;
			shellPath = /bin/sh;
			shellScript = "\"${PODS_ROOT}/Target Support Files/Pods-BookApp/Pods-BookApp-frameworks.sh\"\n";
			showEnvVarsInLog = 0;
		};
/* End PBXShellScriptBuildPhase section */

/* Begin PBXSourcesBuildPhase section */
		75D7392F243957260018A89E /* Sources */ = {
			isa = PBXSourcesBuildPhase;
			buildActionMask = 2147483647;
			files = (
				751A5666243A6199006106E9 /* GoogleAPIBook.swift in Sources */,
				751A56AA243A6364006106E9 /* HeaderViewController.swift in Sources */,
				751A56A9243A6364006106E9 /* MessageViewController.swift in Sources */,
				751A56CF243A91D8006106E9 /* GoodreadsAPIViewController.swift in Sources */,
				75D7393B243957260018A89E /* ViewController.swift in Sources */,
				75D73937243957260018A89E /* AppDelegate.swift in Sources */,
				751A56AB243A6364006106E9 /* BarcodeScannerViewController.swift in Sources */,
				751A56A6243A6364006106E9 /* NSLayoutConstraint+Extensions.swift in Sources */,
				751A56D3243AA4F9006106E9 /* ManualSelectViewController.swift in Sources */,
				751A56A5243A6364006106E9 /* UIView+Extensions.swift in Sources */,
				751A56C5243A8683006106E9 /* GoodreadsAPIBook.swift in Sources */,
				751A56AC243A6364006106E9 /* VideoPermissionService.swift in Sources */,
				751A56A8243A6364006106E9 /* CameraViewController.swift in Sources */,
				751A56C9243A8BC8006106E9 /* BookAPIPageViewController.swift in Sources */,
				751A56CD243A91CE006106E9 /* GoogleBookAPIViewController.swift in Sources */,
				751A56A7243A6364006106E9 /* AVMetadataObject+Extensions.swift in Sources */,
				751A56AD243A6364006106E9 /* Functions.swift in Sources */,
				751A56A2243A6364006106E9 /* TorchMode.swift in Sources */,
				751A56D1243A91E5006106E9 /* OpenLibraryAPIViewController.swift in Sources */,
				751A56A4243A6364006106E9 /* UIViewController+Extensions.swift in Sources */,
				751A56C7243A86CB006106E9 /* OpenLibraryAPIBook.swift in Sources */,
				751A56A1243A6364006106E9 /* State.swift in Sources */,
				751A56A3243A6364006106E9 /* FocusViewType.swift in Sources */,
				75D73939243957260018A89E /* SceneDelegate.swift in Sources */,
			);
			runOnlyForDeploymentPostprocessing = 0;
		};
/* End PBXSourcesBuildPhase section */

/* Begin PBXVariantGroup section */
		751A56BC243A64B4006106E9 /* Localizable.strings */ = {
			isa = PBXVariantGroup;
			children = (
				751A56BD243A64B4006106E9 /* de */,
				751A56BE243A64B4006106E9 /* ja */,
				751A56BF243A64B4006106E9 /* en */,
				751A56C0243A64B4006106E9 /* tr */,
				751A56C1243A64B4006106E9 /* fr */,
				751A56C2243A64B4006106E9 /* pl-PL */,
			);
			name = Localizable.strings;
			sourceTree = "<group>";
		};
		75D7393C243957260018A89E /* Main.storyboard */ = {
			isa = PBXVariantGroup;
			children = (
				75D7393D243957260018A89E /* Base */,
			);
			name = Main.storyboard;
			sourceTree = "<group>";
		};
		75D739412439572A0018A89E /* LaunchScreen.storyboard */ = {
			isa = PBXVariantGroup;
			children = (
				75D739422439572A0018A89E /* Base */,
			);
			name = LaunchScreen.storyboard;
			sourceTree = "<group>";
		};
/* End PBXVariantGroup section */

/* Begin XCBuildConfiguration section */
		75D739452439572A0018A89E /* Debug */ = {
			isa = XCBuildConfiguration;
			buildSettings = {
				ALWAYS_SEARCH_USER_PATHS = NO;
				CLANG_ANALYZER_NONNULL = YES;
				CLANG_ANALYZER_NUMBER_OBJECT_CONVERSION = YES_AGGRESSIVE;
				CLANG_CXX_LANGUAGE_STANDARD = "gnu++14";
				CLANG_CXX_LIBRARY = "libc++";
				CLANG_ENABLE_MODULES = YES;
				CLANG_ENABLE_OBJC_ARC = YES;
				CLANG_ENABLE_OBJC_WEAK = YES;
				CLANG_WARN_BLOCK_CAPTURE_AUTORELEASING = YES;
				CLANG_WARN_BOOL_CONVERSION = YES;
				CLANG_WARN_COMMA = YES;
				CLANG_WARN_CONSTANT_CONVERSION = YES;
				CLANG_WARN_DEPRECATED_OBJC_IMPLEMENTATIONS = YES;
				CLANG_WARN_DIRECT_OBJC_ISA_USAGE = YES_ERROR;
				CLANG_WARN_DOCUMENTATION_COMMENTS = YES;
				CLANG_WARN_EMPTY_BODY = YES;
				CLANG_WARN_ENUM_CONVERSION = YES;
				CLANG_WARN_INFINITE_RECURSION = YES;
				CLANG_WARN_INT_CONVERSION = YES;
				CLANG_WARN_NON_LITERAL_NULL_CONVERSION = YES;
				CLANG_WARN_OBJC_IMPLICIT_RETAIN_SELF = YES;
				CLANG_WARN_OBJC_LITERAL_CONVERSION = YES;
				CLANG_WARN_OBJC_ROOT_CLASS = YES_ERROR;
				CLANG_WARN_RANGE_LOOP_ANALYSIS = YES;
				CLANG_WARN_STRICT_PROTOTYPES = YES;
				CLANG_WARN_SUSPICIOUS_MOVE = YES;
				CLANG_WARN_UNGUARDED_AVAILABILITY = YES_AGGRESSIVE;
				CLANG_WARN_UNREACHABLE_CODE = YES;
				CLANG_WARN__DUPLICATE_METHOD_MATCH = YES;
				COPY_PHASE_STRIP = NO;
				DEBUG_INFORMATION_FORMAT = dwarf;
				ENABLE_STRICT_OBJC_MSGSEND = YES;
				ENABLE_TESTABILITY = YES;
				GCC_C_LANGUAGE_STANDARD = gnu11;
				GCC_DYNAMIC_NO_PIC = NO;
				GCC_NO_COMMON_BLOCKS = YES;
				GCC_OPTIMIZATION_LEVEL = 0;
				GCC_PREPROCESSOR_DEFINITIONS = (
					"DEBUG=1",
					"$(inherited)",
				);
				GCC_WARN_64_TO_32_BIT_CONVERSION = YES;
				GCC_WARN_ABOUT_RETURN_TYPE = YES_ERROR;
				GCC_WARN_UNDECLARED_SELECTOR = YES;
				GCC_WARN_UNINITIALIZED_AUTOS = YES_AGGRESSIVE;
				GCC_WARN_UNUSED_FUNCTION = YES;
				GCC_WARN_UNUSED_VARIABLE = YES;
				IPHONEOS_DEPLOYMENT_TARGET = 13.2;
				MTL_ENABLE_DEBUG_INFO = INCLUDE_SOURCE;
				MTL_FAST_MATH = YES;
				ONLY_ACTIVE_ARCH = YES;
				SDKROOT = iphoneos;
				SWIFT_ACTIVE_COMPILATION_CONDITIONS = DEBUG;
				SWIFT_OPTIMIZATION_LEVEL = "-Onone";
			};
			name = Debug;
		};
		75D739462439572A0018A89E /* Release */ = {
			isa = XCBuildConfiguration;
			buildSettings = {
				ALWAYS_SEARCH_USER_PATHS = NO;
				CLANG_ANALYZER_NONNULL = YES;
				CLANG_ANALYZER_NUMBER_OBJECT_CONVERSION = YES_AGGRESSIVE;
				CLANG_CXX_LANGUAGE_STANDARD = "gnu++14";
				CLANG_CXX_LIBRARY = "libc++";
				CLANG_ENABLE_MODULES = YES;
				CLANG_ENABLE_OBJC_ARC = YES;
				CLANG_ENABLE_OBJC_WEAK = YES;
				CLANG_WARN_BLOCK_CAPTURE_AUTORELEASING = YES;
				CLANG_WARN_BOOL_CONVERSION = YES;
				CLANG_WARN_COMMA = YES;
				CLANG_WARN_CONSTANT_CONVERSION = YES;
				CLANG_WARN_DEPRECATED_OBJC_IMPLEMENTATIONS = YES;
				CLANG_WARN_DIRECT_OBJC_ISA_USAGE = YES_ERROR;
				CLANG_WARN_DOCUMENTATION_COMMENTS = YES;
				CLANG_WARN_EMPTY_BODY = YES;
				CLANG_WARN_ENUM_CONVERSION = YES;
				CLANG_WARN_INFINITE_RECURSION = YES;
				CLANG_WARN_INT_CONVERSION = YES;
				CLANG_WARN_NON_LITERAL_NULL_CONVERSION = YES;
				CLANG_WARN_OBJC_IMPLICIT_RETAIN_SELF = YES;
				CLANG_WARN_OBJC_LITERAL_CONVERSION = YES;
				CLANG_WARN_OBJC_ROOT_CLASS = YES_ERROR;
				CLANG_WARN_RANGE_LOOP_ANALYSIS = YES;
				CLANG_WARN_STRICT_PROTOTYPES = YES;
				CLANG_WARN_SUSPICIOUS_MOVE = YES;
				CLANG_WARN_UNGUARDED_AVAILABILITY = YES_AGGRESSIVE;
				CLANG_WARN_UNREACHABLE_CODE = YES;
				CLANG_WARN__DUPLICATE_METHOD_MATCH = YES;
				COPY_PHASE_STRIP = NO;
				DEBUG_INFORMATION_FORMAT = "dwarf-with-dsym";
				ENABLE_NS_ASSERTIONS = NO;
				ENABLE_STRICT_OBJC_MSGSEND = YES;
				GCC_C_LANGUAGE_STANDARD = gnu11;
				GCC_NO_COMMON_BLOCKS = YES;
				GCC_WARN_64_TO_32_BIT_CONVERSION = YES;
				GCC_WARN_ABOUT_RETURN_TYPE = YES_ERROR;
				GCC_WARN_UNDECLARED_SELECTOR = YES;
				GCC_WARN_UNINITIALIZED_AUTOS = YES_AGGRESSIVE;
				GCC_WARN_UNUSED_FUNCTION = YES;
				GCC_WARN_UNUSED_VARIABLE = YES;
				IPHONEOS_DEPLOYMENT_TARGET = 13.2;
				MTL_ENABLE_DEBUG_INFO = NO;
				MTL_FAST_MATH = YES;
				SDKROOT = iphoneos;
				SWIFT_COMPILATION_MODE = wholemodule;
				SWIFT_OPTIMIZATION_LEVEL = "-O";
				VALIDATE_PRODUCT = YES;
			};
			name = Release;
		};
		75D739482439572A0018A89E /* Debug */ = {
			isa = XCBuildConfiguration;
			baseConfigurationReference = BA0CE17A9D02ECC5C4CE5325 /* Pods-BookApp.debug.xcconfig */;
			buildSettings = {
				ASSETCATALOG_COMPILER_APPICON_NAME = AppIcon;
				CODE_SIGN_STYLE = Automatic;
				DEVELOPMENT_TEAM = 44BCGLCVUS;
				INFOPLIST_FILE = BookApp/Info.plist;
				LD_RUNPATH_SEARCH_PATHS = (
					"$(inherited)",
					"@executable_path/Frameworks",
				);
				PRODUCT_BUNDLE_IDENTIFIER = com.ashishkeshan.BookApp;
				PRODUCT_NAME = "$(TARGET_NAME)";
				SWIFT_VERSION = 5.0;
				TARGETED_DEVICE_FAMILY = "1,2";
			};
			name = Debug;
		};
		75D739492439572A0018A89E /* Release */ = {
			isa = XCBuildConfiguration;
			baseConfigurationReference = 50D24CAD510E005017221569 /* Pods-BookApp.release.xcconfig */;
			buildSettings = {
				ASSETCATALOG_COMPILER_APPICON_NAME = AppIcon;
				CODE_SIGN_STYLE = Automatic;
				DEVELOPMENT_TEAM = 44BCGLCVUS;
				INFOPLIST_FILE = BookApp/Info.plist;
				LD_RUNPATH_SEARCH_PATHS = (
					"$(inherited)",
					"@executable_path/Frameworks",
				);
				PRODUCT_BUNDLE_IDENTIFIER = com.ashishkeshan.BookApp;
				PRODUCT_NAME = "$(TARGET_NAME)";
				SWIFT_VERSION = 5.0;
				TARGETED_DEVICE_FAMILY = "1,2";
			};
			name = Release;
		};
/* End XCBuildConfiguration section */

/* Begin XCConfigurationList section */
		75D7392E243957260018A89E /* Build configuration list for PBXProject "BookApp" */ = {
			isa = XCConfigurationList;
			buildConfigurations = (
				75D739452439572A0018A89E /* Debug */,
				75D739462439572A0018A89E /* Release */,
			);
			defaultConfigurationIsVisible = 0;
			defaultConfigurationName = Release;
		};
		75D739472439572A0018A89E /* Build configuration list for PBXNativeTarget "BookApp" */ = {
			isa = XCConfigurationList;
			buildConfigurations = (
				75D739482439572A0018A89E /* Debug */,
				75D739492439572A0018A89E /* Release */,
			);
			defaultConfigurationIsVisible = 0;
			defaultConfigurationName = Release;
		};
/* End XCConfigurationList section */
	};
	rootObject = 75D7392B243957260018A89E /* Project object */;
}
